// !$*UTF8*$!
{
	archiveVersion = 1;
	classes = {
	};
	objectVersion = 48;
	objects = {

/* Begin PBXBuildFile section */
		000728EA209B3C3600B25593 /* ResistorController.swift in Sources */ = {isa = PBXBuildFile; fileRef = 000728E9209B3C3600B25593 /* ResistorController.swift */; };
		000728EC20A43E4500B25593 /* SMDController.swift in Sources */ = {isa = PBXBuildFile; fileRef = 000728EB20A43E4500B25593 /* SMDController.swift */; };
		0068648C20B8543A00EC3604 /* AdaptiveTreshold.swift in Sources */ = {isa = PBXBuildFile; fileRef = 0068648B20B8543A00EC3604 /* AdaptiveTreshold.swift */; };
		00BB465C20CACA510048C0B9 /* ColorClassification.swift in Sources */ = {isa = PBXBuildFile; fileRef = 00BB465B20CACA510048C0B9 /* ColorClassification.swift */; };
		00F6ECCF20666A2C00368646 /* AppDelegate.swift in Sources */ = {isa = PBXBuildFile; fileRef = 00F6ECCE20666A2C00368646 /* AppDelegate.swift */; };
		00F6ECD120666A2C00368646 /* ViewController.swift in Sources */ = {isa = PBXBuildFile; fileRef = 00F6ECD020666A2C00368646 /* ViewController.swift */; };
		00F6ECD620666A2C00368646 /* Assets.xcassets in Resources */ = {isa = PBXBuildFile; fileRef = 00F6ECD520666A2C00368646 /* Assets.xcassets */; };
		00F6ECE420666A2C00368646 /* Inspectron2_0Tests.swift in Sources */ = {isa = PBXBuildFile; fileRef = 00F6ECE320666A2C00368646 /* Inspectron2_0Tests.swift */; };
		00F6ECEF20666A2C00368646 /* Inspectron2_0UITests.swift in Sources */ = {isa = PBXBuildFile; fileRef = 00F6ECEE20666A2C00368646 /* Inspectron2_0UITests.swift */; };
		00F6ED372066C35E00368646 /* NoteFolli.rtf in Resources */ = {isa = PBXBuildFile; fileRef = 00F6ED362066C35E00368646 /* NoteFolli.rtf */; };
		FA4B5DA720B70C3900C30212 /* PreviewViewController.swift in Sources */ = {isa = PBXBuildFile; fileRef = FA4B5DA620B70C3900C30212 /* PreviewViewController.swift */; };
		FA522E3D20BDCD9C00C2B7AA /* CatchedPoint.swift in Sources */ = {isa = PBXBuildFile; fileRef = FA522E3C20BDCD9C00C2B7AA /* CatchedPoint.swift */; };
		FA55BA4020BAAC3E005B86C1 /* CameraSettingsViewController.swift in Sources */ = {isa = PBXBuildFile; fileRef = FA55BA3F20BAAC3E005B86C1 /* CameraSettingsViewController.swift */; };
		FABF620B20C9E1F90039B488 /* Main.storyboard in Resources */ = {isa = PBXBuildFile; fileRef = FABF620920C9E1F90039B488 /* Main.storyboard */; };
		FAC5B0DA20B8B325001CC7FF /* LaunchScreenController.swift in Sources */ = {isa = PBXBuildFile; fileRef = FAC5B0D920B8B325001CC7FF /* LaunchScreenController.swift */; };
		FACFF21120C67674000A3109 /* AdaptiveThreshold_flashON.swift in Sources */ = {isa = PBXBuildFile; fileRef = FACFF21020C67674000A3109 /* AdaptiveThreshold_flashON.swift */; };
		FAEBE17920AC79360022AB55 /* Credits.swift in Sources */ = {isa = PBXBuildFile; fileRef = FAEBE17820AC79360022AB55 /* Credits.swift */; };
		FAEF879920C3DAB20081B2C0 /* InspectronModelOne.mlmodel in Sources */ = {isa = PBXBuildFile; fileRef = FAEF879820C3DAB20081B2C0 /* InspectronModelOne.mlmodel */; };
		FAF8F74720ADE2F40089FA0D /* LaunchScreen.storyboard in Resources */ = {isa = PBXBuildFile; fileRef = FAF8F74620ADE2F40089FA0D /* LaunchScreen.storyboard */; };
		FAFC973A20C2DF400034CAE4 /* Camera_focusing.wav in Resources */ = {isa = PBXBuildFile; fileRef = FAFC973920C2DF400034CAE4 /* Camera_focusing.wav */; };
/* End PBXBuildFile section */

/* Begin PBXContainerItemProxy section */
		00F6ECE020666A2C00368646 /* PBXContainerItemProxy */ = {
			isa = PBXContainerItemProxy;
			containerPortal = 00F6ECC320666A2C00368646 /* Project object */;
			proxyType = 1;
			remoteGlobalIDString = 00F6ECCA20666A2C00368646;
			remoteInfo = Inspectron2.0;
		};
		00F6ECEB20666A2C00368646 /* PBXContainerItemProxy */ = {
			isa = PBXContainerItemProxy;
			containerPortal = 00F6ECC320666A2C00368646 /* Project object */;
			proxyType = 1;
			remoteGlobalIDString = 00F6ECCA20666A2C00368646;
			remoteInfo = Inspectron2.0;
		};
/* End PBXContainerItemProxy section */

/* Begin PBXFileReference section */
		000728E9209B3C3600B25593 /* ResistorController.swift */ = {isa = PBXFileReference; fileEncoding = 4; lastKnownFileType = sourcecode.swift; path = ResistorController.swift; sourceTree = "<group>"; };
		000728EB20A43E4500B25593 /* SMDController.swift */ = {isa = PBXFileReference; lastKnownFileType = sourcecode.swift; path = SMDController.swift; sourceTree = "<group>"; };
		0068648B20B8543A00EC3604 /* AdaptiveTreshold.swift */ = {isa = PBXFileReference; lastKnownFileType = sourcecode.swift; path = AdaptiveTreshold.swift; sourceTree = "<group>"; };
		00BB465B20CACA510048C0B9 /* ColorClassification.swift */ = {isa = PBXFileReference; lastKnownFileType = sourcecode.swift; path = ColorClassification.swift; sourceTree = "<group>"; };
		00F6ECCB20666A2C00368646 /* Inspectron2.0.app */ = {isa = PBXFileReference; explicitFileType = wrapper.application; includeInIndex = 0; path = Inspectron2.0.app; sourceTree = BUILT_PRODUCTS_DIR; };
		00F6ECCE20666A2C00368646 /* AppDelegate.swift */ = {isa = PBXFileReference; lastKnownFileType = sourcecode.swift; path = AppDelegate.swift; sourceTree = "<group>"; };
		00F6ECD020666A2C00368646 /* ViewController.swift */ = {isa = PBXFileReference; lastKnownFileType = sourcecode.swift; path = ViewController.swift; sourceTree = "<group>"; };
		00F6ECD520666A2C00368646 /* Assets.xcassets */ = {isa = PBXFileReference; lastKnownFileType = folder.assetcatalog; path = Assets.xcassets; sourceTree = "<group>"; };
		00F6ECDA20666A2C00368646 /* Info.plist */ = {isa = PBXFileReference; lastKnownFileType = text.plist.xml; path = Info.plist; sourceTree = "<group>"; };
		00F6ECDF20666A2C00368646 /* Inspectron2.0Tests.xctest */ = {isa = PBXFileReference; explicitFileType = wrapper.cfbundle; includeInIndex = 0; path = Inspectron2.0Tests.xctest; sourceTree = BUILT_PRODUCTS_DIR; };
		00F6ECE320666A2C00368646 /* Inspectron2_0Tests.swift */ = {isa = PBXFileReference; lastKnownFileType = sourcecode.swift; path = Inspectron2_0Tests.swift; sourceTree = "<group>"; };
		00F6ECE520666A2C00368646 /* Info.plist */ = {isa = PBXFileReference; lastKnownFileType = text.plist.xml; path = Info.plist; sourceTree = "<group>"; };
		00F6ECEA20666A2C00368646 /* Inspectron2.0UITests.xctest */ = {isa = PBXFileReference; explicitFileType = wrapper.cfbundle; includeInIndex = 0; path = Inspectron2.0UITests.xctest; sourceTree = BUILT_PRODUCTS_DIR; };
		00F6ECEE20666A2C00368646 /* Inspectron2_0UITests.swift */ = {isa = PBXFileReference; lastKnownFileType = sourcecode.swift; path = Inspectron2_0UITests.swift; sourceTree = "<group>"; };
		00F6ECF020666A2C00368646 /* Info.plist */ = {isa = PBXFileReference; lastKnownFileType = text.plist.xml; path = Info.plist; sourceTree = "<group>"; };
		00F6ED362066C35E00368646 /* NoteFolli.rtf */ = {isa = PBXFileReference; lastKnownFileType = text.rtf; path = NoteFolli.rtf; sourceTree = "<group>"; };
		FA4B5DA620B70C3900C30212 /* PreviewViewController.swift */ = {isa = PBXFileReference; lastKnownFileType = sourcecode.swift; path = PreviewViewController.swift; sourceTree = "<group>"; };
		FA522E3C20BDCD9C00C2B7AA /* CatchedPoint.swift */ = {isa = PBXFileReference; lastKnownFileType = sourcecode.swift; path = CatchedPoint.swift; sourceTree = "<group>"; };
		FA55BA3F20BAAC3E005B86C1 /* CameraSettingsViewController.swift */ = {isa = PBXFileReference; lastKnownFileType = sourcecode.swift; path = CameraSettingsViewController.swift; sourceTree = "<group>"; };
		FABF620A20C9E1F90039B488 /* Base */ = {isa = PBXFileReference; lastKnownFileType = file.storyboard; name = Base; path = Base.lproj/Main.storyboard; sourceTree = "<group>"; };
		FAC5B0D920B8B325001CC7FF /* LaunchScreenController.swift */ = {isa = PBXFileReference; lastKnownFileType = sourcecode.swift; path = LaunchScreenController.swift; sourceTree = "<group>"; };
		FACFF21020C67674000A3109 /* AdaptiveThreshold_flashON.swift */ = {isa = PBXFileReference; lastKnownFileType = sourcecode.swift; path = AdaptiveThreshold_flashON.swift; sourceTree = "<group>"; };
		FAEBE17820AC79360022AB55 /* Credits.swift */ = {isa = PBXFileReference; lastKnownFileType = sourcecode.swift; path = Credits.swift; sourceTree = "<group>"; };
		FAEF879820C3DAB20081B2C0 /* InspectronModelOne.mlmodel */ = {isa = PBXFileReference; lastKnownFileType = file.mlmodel; path = InspectronModelOne.mlmodel; sourceTree = "<group>"; };
		FAF8F74620ADE2F40089FA0D /* LaunchScreen.storyboard */ = {isa = PBXFileReference; lastKnownFileType = file.storyboard; path = LaunchScreen.storyboard; sourceTree = "<group>"; };
		FAFC973920C2DF400034CAE4 /* Camera_focusing.wav */ = {isa = PBXFileReference; lastKnownFileType = audio.wav; path = Camera_focusing.wav; sourceTree = "<group>"; };
/* End PBXFileReference section */

/* Begin PBXFrameworksBuildPhase section */
		00F6ECC820666A2C00368646 /* Frameworks */ = {
			isa = PBXFrameworksBuildPhase;
			buildActionMask = 2147483647;
			files = (
			);
			runOnlyForDeploymentPostprocessing = 0;
		};
		00F6ECDC20666A2C00368646 /* Frameworks */ = {
			isa = PBXFrameworksBuildPhase;
			buildActionMask = 2147483647;
			files = (
			);
			runOnlyForDeploymentPostprocessing = 0;
		};
		00F6ECE720666A2C00368646 /* Frameworks */ = {
			isa = PBXFrameworksBuildPhase;
			buildActionMask = 2147483647;
			files = (
			);
			runOnlyForDeploymentPostprocessing = 0;
		};
/* End PBXFrameworksBuildPhase section */

/* Begin PBXGroup section */
		00F6ECC220666A2C00368646 = {
			isa = PBXGroup;
			children = (
				00F6ECCD20666A2C00368646 /* Inspectron2.0 */,
				00F6ECE220666A2C00368646 /* Inspectron2.0Tests */,
				00F6ECED20666A2C00368646 /* Inspectron2.0UITests */,
				00F6ECCC20666A2C00368646 /* Products */,
			);
			sourceTree = "<group>";
		};
		00F6ECCC20666A2C00368646 /* Products */ = {
			isa = PBXGroup;
			children = (
				00F6ECCB20666A2C00368646 /* Inspectron2.0.app */,
				00F6ECDF20666A2C00368646 /* Inspectron2.0Tests.xctest */,
				00F6ECEA20666A2C00368646 /* Inspectron2.0UITests.xctest */,
			);
			name = Products;
			sourceTree = "<group>";
		};
		00F6ECCD20666A2C00368646 /* Inspectron2.0 */ = {
			isa = PBXGroup;
			children = (
				FAEF879820C3DAB20081B2C0 /* InspectronModelOne.mlmodel */,
				FAEBE17820AC79360022AB55 /* Credits.swift */,
				000728E9209B3C3600B25593 /* ResistorController.swift */,
				000728EB20A43E4500B25593 /* SMDController.swift */,
				FA55BA3F20BAAC3E005B86C1 /* CameraSettingsViewController.swift */,
				00F6ECCE20666A2C00368646 /* AppDelegate.swift */,
				00F6ECD020666A2C00368646 /* ViewController.swift */,
				FA522E3C20BDCD9C00C2B7AA /* CatchedPoint.swift */,
				0068648B20B8543A00EC3604 /* AdaptiveTreshold.swift */,
				FACFF21020C67674000A3109 /* AdaptiveThreshold_flashON.swift */,
				FA4B5DA620B70C3900C30212 /* PreviewViewController.swift */,
				FAC5B0D920B8B325001CC7FF /* LaunchScreenController.swift */,
				FABF620920C9E1F90039B488 /* Main.storyboard */,
				FAF8F74620ADE2F40089FA0D /* LaunchScreen.storyboard */,
				00F6ECD520666A2C00368646 /* Assets.xcassets */,
				FAFC973920C2DF400034CAE4 /* Camera_focusing.wav */,
				00F6ECDA20666A2C00368646 /* Info.plist */,
				00F6ED362066C35E00368646 /* NoteFolli.rtf */,
				00BB465B20CACA510048C0B9 /* ColorClassification.swift */,
			);
			path = Inspectron2.0;
			sourceTree = "<group>";
		};
		00F6ECE220666A2C00368646 /* Inspectron2.0Tests */ = {
			isa = PBXGroup;
			children = (
				00F6ECE320666A2C00368646 /* Inspectron2_0Tests.swift */,
				00F6ECE520666A2C00368646 /* Info.plist */,
			);
			path = Inspectron2.0Tests;
			sourceTree = "<group>";
		};
		00F6ECED20666A2C00368646 /* Inspectron2.0UITests */ = {
			isa = PBXGroup;
			children = (
				00F6ECEE20666A2C00368646 /* Inspectron2_0UITests.swift */,
				00F6ECF020666A2C00368646 /* Info.plist */,
			);
			path = Inspectron2.0UITests;
			sourceTree = "<group>";
		};
/* End PBXGroup section */

/* Begin PBXNativeTarget section */
		00F6ECCA20666A2C00368646 /* Inspectron2.0 */ = {
			isa = PBXNativeTarget;
			buildConfigurationList = 00F6ECF320666A2C00368646 /* Build configuration list for PBXNativeTarget "Inspectron2.0" */;
			buildPhases = (
				00F6ECC720666A2C00368646 /* Sources */,
				00F6ECC820666A2C00368646 /* Frameworks */,
				00F6ECC920666A2C00368646 /* Resources */,
			);
			buildRules = (
			);
			dependencies = (
			);
			name = Inspectron2.0;
			productName = Inspectron2.0;
			productReference = 00F6ECCB20666A2C00368646 /* Inspectron2.0.app */;
			productType = "com.apple.product-type.application";
		};
		00F6ECDE20666A2C00368646 /* Inspectron2.0Tests */ = {
			isa = PBXNativeTarget;
			buildConfigurationList = 00F6ECF620666A2C00368646 /* Build configuration list for PBXNativeTarget "Inspectron2.0Tests" */;
			buildPhases = (
				00F6ECDB20666A2C00368646 /* Sources */,
				00F6ECDC20666A2C00368646 /* Frameworks */,
				00F6ECDD20666A2C00368646 /* Resources */,
			);
			buildRules = (
			);
			dependencies = (
				00F6ECE120666A2C00368646 /* PBXTargetDependency */,
			);
			name = Inspectron2.0Tests;
			productName = Inspectron2.0Tests;
			productReference = 00F6ECDF20666A2C00368646 /* Inspectron2.0Tests.xctest */;
			productType = "com.apple.product-type.bundle.unit-test";
		};
		00F6ECE920666A2C00368646 /* Inspectron2.0UITests */ = {
			isa = PBXNativeTarget;
			buildConfigurationList = 00F6ECF920666A2C00368646 /* Build configuration list for PBXNativeTarget "Inspectron2.0UITests" */;
			buildPhases = (
				00F6ECE620666A2C00368646 /* Sources */,
				00F6ECE720666A2C00368646 /* Frameworks */,
				00F6ECE820666A2C00368646 /* Resources */,
			);
			buildRules = (
			);
			dependencies = (
				00F6ECEC20666A2C00368646 /* PBXTargetDependency */,
			);
			name = Inspectron2.0UITests;
			productName = Inspectron2.0UITests;
			productReference = 00F6ECEA20666A2C00368646 /* Inspectron2.0UITests.xctest */;
			productType = "com.apple.product-type.bundle.ui-testing";
		};
/* End PBXNativeTarget section */

/* Begin PBXProject section */
		00F6ECC320666A2C00368646 /* Project object */ = {
			isa = PBXProject;
			attributes = {
				LastSwiftUpdateCheck = 0920;
				LastUpgradeCheck = 0920;
				ORGANIZATIONNAME = "Caliendo Domenico";
				TargetAttributes = {
					00F6ECCA20666A2C00368646 = {
						CreatedOnToolsVersion = 9.2;
						ProvisioningStyle = Automatic;
					};
					00F6ECDE20666A2C00368646 = {
						CreatedOnToolsVersion = 9.2;
						ProvisioningStyle = Automatic;
						TestTargetID = 00F6ECCA20666A2C00368646;
					};
					00F6ECE920666A2C00368646 = {
						CreatedOnToolsVersion = 9.2;
						ProvisioningStyle = Automatic;
						TestTargetID = 00F6ECCA20666A2C00368646;
					};
				};
			};
			buildConfigurationList = 00F6ECC620666A2C00368646 /* Build configuration list for PBXProject "Inspectron2.0" */;
			compatibilityVersion = "Xcode 8.0";
			developmentRegion = en;
			hasScannedForEncodings = 0;
			knownRegions = (
				en,
				Base,
			);
			mainGroup = 00F6ECC220666A2C00368646;
			productRefGroup = 00F6ECCC20666A2C00368646 /* Products */;
			projectDirPath = "";
			projectRoot = "";
			targets = (
				00F6ECCA20666A2C00368646 /* Inspectron2.0 */,
				00F6ECDE20666A2C00368646 /* Inspectron2.0Tests */,
				00F6ECE920666A2C00368646 /* Inspectron2.0UITests */,
			);
		};
/* End PBXProject section */

/* Begin PBXResourcesBuildPhase section */
		00F6ECC920666A2C00368646 /* Resources */ = {
			isa = PBXResourcesBuildPhase;
			buildActionMask = 2147483647;
			files = (
				00F6ECD620666A2C00368646 /* Assets.xcassets in Resources */,
				FABF620B20C9E1F90039B488 /* Main.storyboard in Resources */,
				FAFC973A20C2DF400034CAE4 /* Camera_focusing.wav in Resources */,
				FAF8F74720ADE2F40089FA0D /* LaunchScreen.storyboard in Resources */,
				00F6ED372066C35E00368646 /* NoteFolli.rtf in Resources */,
			);
			runOnlyForDeploymentPostprocessing = 0;
		};
		00F6ECDD20666A2C00368646 /* Resources */ = {
			isa = PBXResourcesBuildPhase;
			buildActionMask = 2147483647;
			files = (
			);
			runOnlyForDeploymentPostprocessing = 0;
		};
		00F6ECE820666A2C00368646 /* Resources */ = {
			isa = PBXResourcesBuildPhase;
			buildActionMask = 2147483647;
			files = (
			);
			runOnlyForDeploymentPostprocessing = 0;
		};
/* End PBXResourcesBuildPhase section */

/* Begin PBXSourcesBuildPhase section */
		00F6ECC720666A2C00368646 /* Sources */ = {
			isa = PBXSourcesBuildPhase;
			buildActionMask = 2147483647;
			files = (
				00F6ECD120666A2C00368646 /* ViewController.swift in Sources */,
				FA4B5DA720B70C3900C30212 /* PreviewViewController.swift in Sources */,
				FA55BA4020BAAC3E005B86C1 /* CameraSettingsViewController.swift in Sources */,
				FACFF21120C67674000A3109 /* AdaptiveThreshold_flashON.swift in Sources */,
				000728EA209B3C3600B25593 /* ResistorController.swift in Sources */,
				FA522E3D20BDCD9C00C2B7AA /* CatchedPoint.swift in Sources */,
				FAC5B0DA20B8B325001CC7FF /* LaunchScreenController.swift in Sources */,
				000728EC20A43E4500B25593 /* SMDController.swift in Sources */,
				0068648C20B8543A00EC3604 /* AdaptiveTreshold.swift in Sources */,
				FAEF879920C3DAB20081B2C0 /* InspectronModelOne.mlmodel in Sources */,
				FAEBE17920AC79360022AB55 /* Credits.swift in Sources */,
				00BB465C20CACA510048C0B9 /* ColorClassification.swift in Sources */,
				00F6ECCF20666A2C00368646 /* AppDelegate.swift in Sources */,
			);
			runOnlyForDeploymentPostprocessing = 0;
		};
		00F6ECDB20666A2C00368646 /* Sources */ = {
			isa = PBXSourcesBuildPhase;
			buildActionMask = 2147483647;
			files = (
				00F6ECE420666A2C00368646 /* Inspectron2_0Tests.swift in Sources */,
			);
			runOnlyForDeploymentPostprocessing = 0;
		};
		00F6ECE620666A2C00368646 /* Sources */ = {
			isa = PBXSourcesBuildPhase;
			buildActionMask = 2147483647;
			files = (
				00F6ECEF20666A2C00368646 /* Inspectron2_0UITests.swift in Sources */,
			);
			runOnlyForDeploymentPostprocessing = 0;
		};
/* End PBXSourcesBuildPhase section */

/* Begin PBXTargetDependency section */
		00F6ECE120666A2C00368646 /* PBXTargetDependency */ = {
			isa = PBXTargetDependency;
			target = 00F6ECCA20666A2C00368646 /* Inspectron2.0 */;
			targetProxy = 00F6ECE020666A2C00368646 /* PBXContainerItemProxy */;
		};
		00F6ECEC20666A2C00368646 /* PBXTargetDependency */ = {
			isa = PBXTargetDependency;
			target = 00F6ECCA20666A2C00368646 /* Inspectron2.0 */;
			targetProxy = 00F6ECEB20666A2C00368646 /* PBXContainerItemProxy */;
		};
/* End PBXTargetDependency section */

/* Begin PBXVariantGroup section */
		FABF620920C9E1F90039B488 /* Main.storyboard */ = {
			isa = PBXVariantGroup;
			children = (
				FABF620A20C9E1F90039B488 /* Base */,
			);
			name = Main.storyboard;
			sourceTree = "<group>";
		};
/* End PBXVariantGroup section */

/* Begin XCBuildConfiguration section */
		00F6ECF120666A2C00368646 /* Debug */ = {
			isa = XCBuildConfiguration;
			buildSettings = {
				ALWAYS_SEARCH_USER_PATHS = NO;
				CLANG_ANALYZER_NONNULL = YES;
				CLANG_ANALYZER_NUMBER_OBJECT_CONVERSION = YES_AGGRESSIVE;
				CLANG_CXX_LANGUAGE_STANDARD = "gnu++14";
				CLANG_CXX_LIBRARY = "libc++";
				CLANG_ENABLE_MODULES = YES;
				CLANG_ENABLE_OBJC_ARC = YES;
				CLANG_WARN_BLOCK_CAPTURE_AUTORELEASING = YES;
				CLANG_WARN_BOOL_CONVERSION = YES;
				CLANG_WARN_COMMA = YES;
				CLANG_WARN_CONSTANT_CONVERSION = YES;
				CLANG_WARN_DIRECT_OBJC_ISA_USAGE = YES_ERROR;
				CLANG_WARN_DOCUMENTATION_COMMENTS = YES;
				CLANG_WARN_EMPTY_BODY = YES;
				CLANG_WARN_ENUM_CONVERSION = YES;
				CLANG_WARN_INFINITE_RECURSION = YES;
				CLANG_WARN_INT_CONVERSION = YES;
				CLANG_WARN_NON_LITERAL_NULL_CONVERSION = YES;
				CLANG_WARN_OBJC_LITERAL_CONVERSION = YES;
				CLANG_WARN_OBJC_ROOT_CLASS = YES_ERROR;
				CLANG_WARN_RANGE_LOOP_ANALYSIS = YES;
				CLANG_WARN_STRICT_PROTOTYPES = YES;
				CLANG_WARN_SUSPICIOUS_MOVE = YES;
				CLANG_WARN_UNGUARDED_AVAILABILITY = YES_AGGRESSIVE;
				CLANG_WARN_UNREACHABLE_CODE = YES;
				CLANG_WARN__DUPLICATE_METHOD_MATCH = YES;
				CODE_SIGN_IDENTITY = "iPhone Developer";
				COPY_PHASE_STRIP = NO;
				DEBUG_INFORMATION_FORMAT = dwarf;
				ENABLE_STRICT_OBJC_MSGSEND = YES;
				ENABLE_TESTABILITY = YES;
				GCC_C_LANGUAGE_STANDARD = gnu11;
				GCC_DYNAMIC_NO_PIC = NO;
				GCC_NO_COMMON_BLOCKS = YES;
				GCC_OPTIMIZATION_LEVEL = 0;
				GCC_PREPROCESSOR_DEFINITIONS = (
					"DEBUG=1",
					"$(inherited)",
				);
				GCC_WARN_64_TO_32_BIT_CONVERSION = YES;
				GCC_WARN_ABOUT_RETURN_TYPE = YES_ERROR;
				GCC_WARN_UNDECLARED_SELECTOR = YES;
				GCC_WARN_UNINITIALIZED_AUTOS = YES_AGGRESSIVE;
				GCC_WARN_UNUSED_FUNCTION = YES;
				GCC_WARN_UNUSED_VARIABLE = YES;
				IPHONEOS_DEPLOYMENT_TARGET = 11.2;
				MTL_ENABLE_DEBUG_INFO = YES;
				ONLY_ACTIVE_ARCH = YES;
				SDKROOT = iphoneos;
				SWIFT_ACTIVE_COMPILATION_CONDITIONS = DEBUG;
				SWIFT_OPTIMIZATION_LEVEL = "-Onone";
			};
			name = Debug;
		};
		00F6ECF220666A2C00368646 /* Release */ = {
			isa = XCBuildConfiguration;
			buildSettings = {
				ALWAYS_SEARCH_USER_PATHS = NO;
				CLANG_ANALYZER_NONNULL = YES;
				CLANG_ANALYZER_NUMBER_OBJECT_CONVERSION = YES_AGGRESSIVE;
				CLANG_CXX_LANGUAGE_STANDARD = "gnu++14";
				CLANG_CXX_LIBRARY = "libc++";
				CLANG_ENABLE_MODULES = YES;
				CLANG_ENABLE_OBJC_ARC = YES;
				CLANG_WARN_BLOCK_CAPTURE_AUTORELEASING = YES;
				CLANG_WARN_BOOL_CONVERSION = YES;
				CLANG_WARN_COMMA = YES;
				CLANG_WARN_CONSTANT_CONVERSION = YES;
				CLANG_WARN_DIRECT_OBJC_ISA_USAGE = YES_ERROR;
				CLANG_WARN_DOCUMENTATION_COMMENTS = YES;
				CLANG_WARN_EMPTY_BODY = YES;
				CLANG_WARN_ENUM_CONVERSION = YES;
				CLANG_WARN_INFINITE_RECURSION = YES;
				CLANG_WARN_INT_CONVERSION = YES;
				CLANG_WARN_NON_LITERAL_NULL_CONVERSION = YES;
				CLANG_WARN_OBJC_LITERAL_CONVERSION = YES;
				CLANG_WARN_OBJC_ROOT_CLASS = YES_ERROR;
				CLANG_WARN_RANGE_LOOP_ANALYSIS = YES;
				CLANG_WARN_STRICT_PROTOTYPES = YES;
				CLANG_WARN_SUSPICIOUS_MOVE = YES;
				CLANG_WARN_UNGUARDED_AVAILABILITY = YES_AGGRESSIVE;
				CLANG_WARN_UNREACHABLE_CODE = YES;
				CLANG_WARN__DUPLICATE_METHOD_MATCH = YES;
				CODE_SIGN_IDENTITY = "iPhone Developer";
				COPY_PHASE_STRIP = NO;
				DEBUG_INFORMATION_FORMAT = "dwarf-with-dsym";
				ENABLE_NS_ASSERTIONS = NO;
				ENABLE_STRICT_OBJC_MSGSEND = YES;
				GCC_C_LANGUAGE_STANDARD = gnu11;
				GCC_NO_COMMON_BLOCKS = YES;
				GCC_WARN_64_TO_32_BIT_CONVERSION = YES;
				GCC_WARN_ABOUT_RETURN_TYPE = YES_ERROR;
				GCC_WARN_UNDECLARED_SELECTOR = YES;
				GCC_WARN_UNINITIALIZED_AUTOS = YES_AGGRESSIVE;
				GCC_WARN_UNUSED_FUNCTION = YES;
				GCC_WARN_UNUSED_VARIABLE = YES;
				IPHONEOS_DEPLOYMENT_TARGET = 11.2;
				MTL_ENABLE_DEBUG_INFO = NO;
				SDKROOT = iphoneos;
				SWIFT_OPTIMIZATION_LEVEL = "-Owholemodule";
				VALIDATE_PRODUCT = YES;
			};
			name = Release;
		};
		00F6ECF420666A2C00368646 /* Debug */ = {
			isa = XCBuildConfiguration;
			buildSettings = {
				ASSETCATALOG_COMPILER_APPICON_NAME = AppIcon;
				CODE_SIGN_STYLE = Automatic;
				DEVELOPMENT_TEAM = K8WJKQA676;
				INFOPLIST_FILE = Inspectron2.0/Info.plist;
				LD_RUNPATH_SEARCH_PATHS = "$(inherited) @executable_path/Frameworks";
				PRODUCT_BUNDLE_IDENTIFIER = "it.domenicocaliendo.Inspectron2-0";
				PRODUCT_NAME = "$(TARGET_NAME)";
				SWIFT_VERSION = 4.0;
				TARGETED_DEVICE_FAMILY = "1,2";
			};
			name = Debug;
		};
		00F6ECF520666A2C00368646 /* Release */ = {
			isa = XCBuildConfiguration;
			buildSettings = {
				ASSETCATALOG_COMPILER_APPICON_NAME = AppIcon;
				CODE_SIGN_STYLE = Automatic;
				DEVELOPMENT_TEAM = K8WJKQA676;
				INFOPLIST_FILE = Inspectron2.0/Info.plist;
				LD_RUNPATH_SEARCH_PATHS = "$(inherited) @executable_path/Frameworks";
				PRODUCT_BUNDLE_IDENTIFIER = "it.domenicocaliendo.Inspectron2-0";
				PRODUCT_NAME = "$(TARGET_NAME)";
				SWIFT_VERSION = 4.0;
				TARGETED_DEVICE_FAMILY = "1,2";
			};
			name = Release;
		};
		00F6ECF720666A2C00368646 /* Debug */ = {
			isa = XCBuildConfiguration;
			buildSettings = {
				ALWAYS_EMBED_SWIFT_STANDARD_LIBRARIES = YES;
				BUNDLE_LOADER = "$(TEST_HOST)";
				CODE_SIGN_STYLE = Automatic;
				DEVELOPMENT_TEAM = YM9SVS2V7Q;
				INFOPLIST_FILE = Inspectron2.0Tests/Info.plist;
				LD_RUNPATH_SEARCH_PATHS = "$(inherited) @executable_path/Frameworks @loader_path/Frameworks";
				PRODUCT_BUNDLE_IDENTIFIER = "it.domenicocaliendo.Inspectron2-0Tests";
				PRODUCT_NAME = "$(TARGET_NAME)";
				SWIFT_VERSION = 4.0;
				TARGETED_DEVICE_FAMILY = "1,2";
				TEST_HOST = "$(BUILT_PRODUCTS_DIR)/Inspectron2.0.app/Inspectron2.0";
			};
			name = Debug;
		};
		00F6ECF820666A2C00368646 /* Release */ = {
			isa = XCBuildConfiguration;
			buildSettings = {
				ALWAYS_EMBED_SWIFT_STANDARD_LIBRARIES = YES;
				BUNDLE_LOADER = "$(TEST_HOST)";
				CODE_SIGN_STYLE = Automatic;
				DEVELOPMENT_TEAM = YM9SVS2V7Q;
				INFOPLIST_FILE = Inspectron2.0Tests/Info.plist;
				LD_RUNPATH_SEARCH_PATHS = "$(inherited) @executable_path/Frameworks @loader_path/Frameworks";
				PRODUCT_BUNDLE_IDENTIFIER = "it.domenicocaliendo.Inspectron2-0Tests";
				PRODUCT_NAME = "$(TARGET_NAME)";
				SWIFT_VERSION = 4.0;
				TARGETED_DEVICE_FAMILY = "1,2";
				TEST_HOST = "$(BUILT_PRODUCTS_DIR)/Inspectron2.0.app/Inspectron2.0";
			};
			name = Release;
		};
		00F6ECFA20666A2C00368646 /* Debug */ = {
			isa = XCBuildConfiguration;
			buildSettings = {
				ALWAYS_EMBED_SWIFT_STANDARD_LIBRARIES = YES;
				CODE_SIGN_STYLE = Automatic;
				DEVELOPMENT_TEAM = YM9SVS2V7Q;
				INFOPLIST_FILE = Inspectron2.0UITests/Info.plist;
				LD_RUNPATH_SEARCH_PATHS = "$(inherited) @executable_path/Frameworks @loader_path/Frameworks";
				PRODUCT_BUNDLE_IDENTIFIER = "it.domenicocaliendo.Inspectron2-0UITests";
				PRODUCT_NAME = "$(TARGET_NAME)";
				SWIFT_VERSION = 4.0;
				TARGETED_DEVICE_FAMILY = "1,2";
				TEST_TARGET_NAME = Inspectron2.0;
			};
			name = Debug;
		};
		00F6ECFB20666A2C00368646 /* Release */ = {
			isa = XCBuildConfiguration;
			buildSettings = {
				ALWAYS_EMBED_SWIFT_STANDARD_LIBRARIES = YES;
				CODE_SIGN_STYLE = Automatic;
				DEVELOPMENT_TEAM = YM9SVS2V7Q;
				INFOPLIST_FILE = Inspectron2.0UITests/Info.plist;
				LD_RUNPATH_SEARCH_PATHS = "$(inherited) @executable_path/Frameworks @loader_path/Frameworks";
				PRODUCT_BUNDLE_IDENTIFIER = "it.domenicocaliendo.Inspectron2-0UITests";
				PRODUCT_NAME = "$(TARGET_NAME)";
				SWIFT_VERSION = 4.0;
				TARGETED_DEVICE_FAMILY = "1,2";
				TEST_TARGET_NAME = Inspectron2.0;
			};
			name = Release;
		};
/* End XCBuildConfiguration section */

/* Begin XCConfigurationList section */
		00F6ECC620666A2C00368646 /* Build configuration list for PBXProject "Inspectron2.0" */ = {
			isa = XCConfigurationList;
			buildConfigurations = (
				00F6ECF120666A2C00368646 /* Debug */,
				00F6ECF220666A2C00368646 /* Release */,
			);
			defaultConfigurationIsVisible = 0;
			defaultConfigurationName = Release;
		};
		00F6ECF320666A2C00368646 /* Build configuration list for PBXNativeTarget "Inspectron2.0" */ = {
			isa = XCConfigurationList;
			buildConfigurations = (
				00F6ECF420666A2C00368646 /* Debug */,
				00F6ECF520666A2C00368646 /* Release */,
			);
			defaultConfigurationIsVisible = 0;
			defaultConfigurationName = Release;
		};
		00F6ECF620666A2C00368646 /* Build configuration list for PBXNativeTarget "Inspectron2.0Tests" */ = {
			isa = XCConfigurationList;
			buildConfigurations = (
				00F6ECF720666A2C00368646 /* Debug */,
				00F6ECF820666A2C00368646 /* Release */,
			);
			defaultConfigurationIsVisible = 0;
			defaultConfigurationName = Release;
		};
		00F6ECF920666A2C00368646 /* Build configuration list for PBXNativeTarget "Inspectron2.0UITests" */ = {
			isa = XCConfigurationList;
			buildConfigurations = (
				00F6ECFA20666A2C00368646 /* Debug */,
				00F6ECFB20666A2C00368646 /* Release */,
			);
			defaultConfigurationIsVisible = 0;
			defaultConfigurationName = Release;
		};
/* End XCConfigurationList section */
	};
	rootObject = 00F6ECC320666A2C00368646 /* Project object */;
}
